schema: '2.0'
stages:
  prepare:
    cmd: python3 src/prepare.py data/data.xml
    deps:
    - path: data/data.xml
      md5: 22a1a2931c8370d3aeedd7183606fd7f
      size: 14445097
    - path: src/prepare.py
      md5: f09ea0c15980b43010257ccb9f0055e2
      size: 1576
    params:
      params.yaml:
        prepare.seed: 20170428
        prepare.split: 0.2
    outs:
    - path: data/prepared
      md5: 153aad06d376b6595932470e459ef42a.dir
      size: 8437363
      nfiles: 2
  featurize:
    cmd: python3 src/featurization.py data/prepared data/features
    deps:
    - path: data/prepared
      md5: 153aad06d376b6595932470e459ef42a.dir
      size: 8437363
      nfiles: 2
    - path: src/featurization.py
      md5: 400b3aa6627de17d1ac8be02ebc45c5d
      size: 2486
    params:
      params.yaml:
        featurize.max_features: 100
        featurize.ngrams: 1
    outs:
    - path: data/features
      md5: d5fbe33ec032c36504fd584b742519ae.dir
      size: 1556164
      nfiles: 2
  train:
    cmd: python3 src/train.py data/features model.pkl
    deps:
    - path: data/features/
      md5: d5fbe33ec032c36504fd584b742519ae.dir
      size: 1556164
      nfiles: 2
    - path: src/train.py
      md5: c3961d777cfbd7727f9fde4851896006
      size: 967
    params:
      params.yaml:
        train.min_split: 0.01
        train.n_est: 100
        train.seed: 20170428
    outs:
    - path: model.pkl
      md5: 8231dd6884d5c8a8176af1fe3d07acc6
      size: 3354722
