schema: '2.0'
stages:
  prepare:
    cmd: python3 src/prepare.py data/data.xml
    deps:
    - path: data/data.xml
      md5: 22a1a2931c8370d3aeedd7183606fd7f
      size: 14445097
    - path: src/prepare.py
      md5: f09ea0c15980b43010257ccb9f0055e2
      size: 1576
    params:
      params.yaml:
        prepare.seed: 20170428
        prepare.split: 0.2
    outs:
    - path: data/prepared
      md5: 153aad06d376b6595932470e459ef42a.dir
      size: 8437363
      nfiles: 2
  featurize:
    cmd: python3 src/featurization.py data/prepared data/features
    deps:
    - path: data/prepared
      md5: 153aad06d376b6595932470e459ef42a.dir
      size: 8437363
      nfiles: 2
    - path: src/featurization.py
      md5: 400b3aa6627de17d1ac8be02ebc45c5d
      size: 2486
    params:
      params.yaml:
        featurize.max_features: 200
        featurize.ngrams: 2
    outs:
    - path: data/features
      md5: 5888b51c449c9c0b80392648c7445e08.dir
      size: 2232462
      nfiles: 2
  train:
    cmd: python3 src/train.py data/features model.pkl
    deps:
    - path: data/features/
      md5: 5888b51c449c9c0b80392648c7445e08.dir
      size: 2232462
      nfiles: 2
    - path: src/train.py
      md5: c3961d777cfbd7727f9fde4851896006
      size: 967
    params:
      params.yaml:
        train.min_split: 0.01
        train.n_est: 100
        train.seed: 20170428
    outs:
    - path: model.pkl
      md5: ab86273b1c1e2efcdbfbc912025e22e8
      size: 3544244
  evaluate:
    cmd: python3 src/evaluate.py model.pkl data/features
    deps:
    - path: data/features
      md5: 5888b51c449c9c0b80392648c7445e08.dir
      size: 2232462
      nfiles: 2
    - path: model.pkl
      md5: ab86273b1c1e2efcdbfbc912025e22e8
      size: 3544244
    - path: src/evaluate.py
      md5: 753016f1791db6fe6808a9ff50002615
      size: 3289
    outs:
    - path: eval/importance.png
      md5: b2762e183a99a37a2783f12b97281405
      size: 33502
    - path: eval/live/metrics.json
      md5: 0cb32cb71cefea1fb889e235e234ce78
      size: 195
    - path: eval/live/plots
      md5: 4053abac5e57614467b1480aa3c0beab.dir
      size: 741140
      nfiles: 4
    - path: eval/prc
      md5: ea52ad26d64e89b5e48214e52a7ce9b1.dir
      size: 286880
      nfiles: 2
